
Microsoft Visual Studio Solution File, Format Version 12.00
# Visual Studio Version 17
VisualStudioVersion = 17.14.36623.8 d17.14
MinimumVisualStudioVersion = 10.0.40219.1
Project("{FAE04EC0-301F-11D3-BF4B-00C04F79EFBC}") = "AllureJenkinsGit", "AllureJenkinsGit\AllureJenkinsGit.csproj", "{50AA4EC1-BA9D-4848-8C95-F193D95AF5EA}"
EndProject
Global
	GlobalSection(SolutionConfigurationPlatforms) = preSolution
		Debug|Any CPU = Debug|Any CPU
		Release|Any CPU = Release|Any CPU
	EndGlobalSection
	GlobalSection(ProjectConfigurationPlatforms) = postSolution
		{50AA4EC1-BA9D-4848-8C95-F193D95AF5EA}.Debug|Any CPU.ActiveCfg = Debug|Any CPU
		{50AA4EC1-BA9D-4848-8C95-F193D95AF5EA}.Debug|Any CPU.Build.0 = Debug|Any CPU
		{50AA4EC1-BA9D-4848-8C95-F193D95AF5EA}.Release|Any CPU.ActiveCfg = Release|Any CPU
		{50AA4EC1-BA9D-4848-8C95-F193D95AF5EA}.Release|Any CPU.Build.0 = Release|Any CPU
	EndGlobalSection
	GlobalSection(SolutionProperties) = preSolution
		HideSolutionNode = FALSE
	EndGlobalSection
	GlobalSection(ExtensibilityGlobals) = postSolution
		SolutionGuid = {C0F122FF-2C35-4355-AD94-EB90C196685A}
	EndGlobalSection
EndGlobal
